
Microsoft Visual Studio Solution File, Format Version 12.00
# Visual Studio Version 16
VisualStudioVersion = 16.0.809.10
MinimumVisualStudioVersion = 10.0.40219.1
Project("{D954291E-2A0B-460D-934E-DC6B0785DB48}") = "credential-ui.Shared", "credential-ui.Shared\credential-ui.Shared.shproj", "{E34C0285-F748-43A9-B3C1-9386138155CB}"
EndProject
Project("{FAE04EC0-301F-11D3-BF4B-00C04F79EFBC}") = "credential-ui.iOS", "credential-ui.iOS\credential-ui.iOS.csproj", "{44B568EA-C195-4A11-BC47-7F6D2AF60A1E}"
EndProject
Project("{FAE04EC0-301F-11D3-BF4B-00C04F79EFBC}") = "credential-ui.Android", "credential-ui.Android\credential-ui.Android.csproj", "{C2F41D54-BEE3-4358-AD9A-E551729A56FD}"
EndProject
Project("{5DD5E4FA-CB73-4610-85AB-557B54E96AA9}") = "NuGet", "credential-ui.NuGet\NuGet.nuproj", "{180C9905-687C-49D7-94F8-D8D9839DD382}"
EndProject
Global
	GlobalSection(SolutionConfigurationPlatforms) = preSolution
		Debug|Any CPU = Debug|Any CPU
		Release|Any CPU = Release|Any CPU
	EndGlobalSection
	GlobalSection(ProjectConfigurationPlatforms) = postSolution
		{44B568EA-C195-4A11-BC47-7F6D2AF60A1E}.Debug|Any CPU.ActiveCfg = Debug|Any CPU
		{44B568EA-C195-4A11-BC47-7F6D2AF60A1E}.Debug|Any CPU.Build.0 = Debug|Any CPU
		{44B568EA-C195-4A11-BC47-7F6D2AF60A1E}.Release|Any CPU.ActiveCfg = Release|Any CPU
		{44B568EA-C195-4A11-BC47-7F6D2AF60A1E}.Release|Any CPU.Build.0 = Release|Any CPU
		{C2F41D54-BEE3-4358-AD9A-E551729A56FD}.Debug|Any CPU.ActiveCfg = Debug|Any CPU
		{C2F41D54-BEE3-4358-AD9A-E551729A56FD}.Debug|Any CPU.Build.0 = Debug|Any CPU
		{C2F41D54-BEE3-4358-AD9A-E551729A56FD}.Release|Any CPU.ActiveCfg = Release|Any CPU
		{C2F41D54-BEE3-4358-AD9A-E551729A56FD}.Release|Any CPU.Build.0 = Release|Any CPU
		{180C9905-687C-49D7-94F8-D8D9839DD382}.Debug|Any CPU.ActiveCfg = Debug|Any CPU
		{180C9905-687C-49D7-94F8-D8D9839DD382}.Debug|Any CPU.Build.0 = Debug|Any CPU
		{180C9905-687C-49D7-94F8-D8D9839DD382}.Release|Any CPU.ActiveCfg = Release|Any CPU
		{180C9905-687C-49D7-94F8-D8D9839DD382}.Release|Any CPU.Build.0 = Release|Any CPU
	EndGlobalSection
	GlobalSection(SolutionProperties) = preSolution
		HideSolutionNode = FALSE
	EndGlobalSection
	GlobalSection(ExtensibilityGlobals) = postSolution
		SolutionGuid = {AF717096-B819-420B-8754-E56713BF6134}
	EndGlobalSection
EndGlobal
